
Microsoft Visual Studio Solution File, Format Version 12.00
# Visual Studio Version 17
VisualStudioVersion = 17.7.34031.279
MinimumVisualStudioVersion = 10.0.40219.1
Project("{FAE04EC0-301F-11D3-BF4B-00C04F79EFBC}") = "TestQR.Android", "TestQR\TestQR.Android\TestQR.Android.csproj", "{D539CBCB-CBBB-4AF0-94DB-DAB3913E78A2}"
EndProject
Project("{FAE04EC0-301F-11D3-BF4B-00C04F79EFBC}") = "TestQR.iOS", "TestQR\TestQR.iOS\TestQR.iOS.csproj", "{EAB46C69-A150-4E61-845A-C6F403A1AAF3}"
EndProject
Project("{FAE04EC0-301F-11D3-BF4B-00C04F79EFBC}") = "TestQR", "TestQR\TestQR\TestQR.csproj", "{705DB5F9-5E88-4B4A-8952-22C067851B77}"
EndProject
Global
	GlobalSection(SolutionConfigurationPlatforms) = preSolution
		Debug|Any CPU = Debug|Any CPU
		Debug|iPhone = Debug|iPhone
		Debug|iPhoneSimulator = Debug|iPhoneSimulator
		Release|Any CPU = Release|Any CPU
		Release|iPhone = Release|iPhone
		Release|iPhoneSimulator = Release|iPhoneSimulator
	EndGlobalSection
	GlobalSection(ProjectConfigurationPlatforms) = postSolution
		{D539CBCB-CBBB-4AF0-94DB-DAB3913E78A2}.Debug|Any CPU.ActiveCfg = Debug|Any CPU
		{D539CBCB-CBBB-4AF0-94DB-DAB3913E78A2}.Debug|Any CPU.Build.0 = Debug|Any CPU
		{D539CBCB-CBBB-4AF0-94DB-DAB3913E78A2}.Debug|Any CPU.Deploy.0 = Debug|Any CPU
		{D539CBCB-CBBB-4AF0-94DB-DAB3913E78A2}.Debug|iPhone.ActiveCfg = Debug|Any CPU
		{D539CBCB-CBBB-4AF0-94DB-DAB3913E78A2}.Debug|iPhone.Build.0 = Debug|Any CPU
		{D539CBCB-CBBB-4AF0-94DB-DAB3913E78A2}.Debug|iPhone.Deploy.0 = Debug|Any CPU
		{D539CBCB-CBBB-4AF0-94DB-DAB3913E78A2}.Debug|iPhoneSimulator.ActiveCfg = Debug|Any CPU
		{D539CBCB-CBBB-4AF0-94DB-DAB3913E78A2}.Debug|iPhoneSimulator.Build.0 = Debug|Any CPU
		{D539CBCB-CBBB-4AF0-94DB-DAB3913E78A2}.Debug|iPhoneSimulator.Deploy.0 = Debug|Any CPU
		{D539CBCB-CBBB-4AF0-94DB-DAB3913E78A2}.Release|Any CPU.ActiveCfg = Release|Any CPU
		{D539CBCB-CBBB-4AF0-94DB-DAB3913E78A2}.Release|Any CPU.Build.0 = Release|Any CPU
		{D539CBCB-CBBB-4AF0-94DB-DAB3913E78A2}.Release|Any CPU.Deploy.0 = Release|Any CPU
		{D539CBCB-CBBB-4AF0-94DB-DAB3913E78A2}.Release|iPhone.ActiveCfg = Release|Any CPU
		{D539CBCB-CBBB-4AF0-94DB-DAB3913E78A2}.Release|iPhone.Build.0 = Release|Any CPU
		{D539CBCB-CBBB-4AF0-94DB-DAB3913E78A2}.Release|iPhone.Deploy.0 = Release|Any CPU
		{D539CBCB-CBBB-4AF0-94DB-DAB3913E78A2}.Release|iPhoneSimulator.ActiveCfg = Release|Any CPU
		{D539CBCB-CBBB-4AF0-94DB-DAB3913E78A2}.Release|iPhoneSimulator.Build.0 = Release|Any CPU
		{D539CBCB-CBBB-4AF0-94DB-DAB3913E78A2}.Release|iPhoneSimulator.Deploy.0 = Release|Any CPU
		{EAB46C69-A150-4E61-845A-C6F403A1AAF3}.Debug|Any CPU.ActiveCfg = Debug|iPhone
		{EAB46C69-A150-4E61-845A-C6F403A1AAF3}.Debug|Any CPU.Build.0 = Debug|iPhone
		{EAB46C69-A150-4E61-845A-C6F403A1AAF3}.Debug|Any CPU.Deploy.0 = Debug|iPhone
		{EAB46C69-A150-4E61-845A-C6F403A1AAF3}.Debug|iPhone.ActiveCfg = Debug|iPhone
		{EAB46C69-A150-4E61-845A-C6F403A1AAF3}.Debug|iPhone.Build.0 = Debug|iPhone
		{EAB46C69-A150-4E61-845A-C6F403A1AAF3}.Debug|iPhone.Deploy.0 = Debug|iPhone
		{EAB46C69-A150-4E61-845A-C6F403A1AAF3}.Debug|iPhoneSimulator.ActiveCfg = Debug|iPhoneSimulator
		{EAB46C69-A150-4E61-845A-C6F403A1AAF3}.Debug|iPhoneSimulator.Build.0 = Debug|iPhoneSimulator
		{EAB46C69-A150-4E61-845A-C6F403A1AAF3}.Debug|iPhoneSimulator.Deploy.0 = Debug|iPhoneSimulator
		{EAB46C69-A150-4E61-845A-C6F403A1AAF3}.Release|Any CPU.ActiveCfg = Release|iPhoneSimulator
		{EAB46C69-A150-4E61-845A-C6F403A1AAF3}.Release|Any CPU.Build.0 = Release|iPhoneSimulator
		{EAB46C69-A150-4E61-845A-C6F403A1AAF3}.Release|Any CPU.Deploy.0 = Release|iPhoneSimulator
		{EAB46C69-A150-4E61-845A-C6F403A1AAF3}.Release|iPhone.ActiveCfg = Release|iPhone
		{EAB46C69-A150-4E61-845A-C6F403A1AAF3}.Release|iPhone.Build.0 = Release|iPhone
		{EAB46C69-A150-4E61-845A-C6F403A1AAF3}.Release|iPhone.Deploy.0 = Release|iPhone
		{EAB46C69-A150-4E61-845A-C6F403A1AAF3}.Release|iPhoneSimulator.ActiveCfg = Release|iPhoneSimulator
		{EAB46C69-A150-4E61-845A-C6F403A1AAF3}.Release|iPhoneSimulator.Build.0 = Release|iPhoneSimulator
		{EAB46C69-A150-4E61-845A-C6F403A1AAF3}.Release|iPhoneSimulator.Deploy.0 = Release|iPhoneSimulator
		{705DB5F9-5E88-4B4A-8952-22C067851B77}.Debug|Any CPU.ActiveCfg = Debug|Any CPU
		{705DB5F9-5E88-4B4A-8952-22C067851B77}.Debug|Any CPU.Build.0 = Debug|Any CPU
		{705DB5F9-5E88-4B4A-8952-22C067851B77}.Debug|Any CPU.Deploy.0 = Debug|Any CPU
		{705DB5F9-5E88-4B4A-8952-22C067851B77}.Debug|iPhone.ActiveCfg = Debug|Any CPU
		{705DB5F9-5E88-4B4A-8952-22C067851B77}.Debug|iPhone.Build.0 = Debug|Any CPU
		{705DB5F9-5E88-4B4A-8952-22C067851B77}.Debug|iPhone.Deploy.0 = Debug|Any CPU
		{705DB5F9-5E88-4B4A-8952-22C067851B77}.Debug|iPhoneSimulator.ActiveCfg = Debug|Any CPU
		{705DB5F9-5E88-4B4A-8952-22C067851B77}.Debug|iPhoneSimulator.Build.0 = Debug|Any CPU
		{705DB5F9-5E88-4B4A-8952-22C067851B77}.Debug|iPhoneSimulator.Deploy.0 = Debug|Any CPU
		{705DB5F9-5E88-4B4A-8952-22C067851B77}.Release|Any CPU.ActiveCfg = Release|Any CPU
		{705DB5F9-5E88-4B4A-8952-22C067851B77}.Release|Any CPU.Build.0 = Release|Any CPU
		{705DB5F9-5E88-4B4A-8952-22C067851B77}.Release|Any CPU.Deploy.0 = Release|Any CPU
		{705DB5F9-5E88-4B4A-8952-22C067851B77}.Release|iPhone.ActiveCfg = Release|Any CPU
		{705DB5F9-5E88-4B4A-8952-22C067851B77}.Release|iPhone.Build.0 = Release|Any CPU
		{705DB5F9-5E88-4B4A-8952-22C067851B77}.Release|iPhone.Deploy.0 = Release|Any CPU
		{705DB5F9-5E88-4B4A-8952-22C067851B77}.Release|iPhoneSimulator.ActiveCfg = Release|Any CPU
		{705DB5F9-5E88-4B4A-8952-22C067851B77}.Release|iPhoneSimulator.Build.0 = Release|Any CPU
		{705DB5F9-5E88-4B4A-8952-22C067851B77}.Release|iPhoneSimulator.Deploy.0 = Release|Any CPU
	EndGlobalSection
	GlobalSection(SolutionProperties) = preSolution
		HideSolutionNode = FALSE
	EndGlobalSection
	GlobalSection(ExtensibilityGlobals) = postSolution
		SolutionGuid = {B2225EA9-4FFC-41B8-B028-A6AC2CA53B2A}
	EndGlobalSection
EndGlobal
